
Microsoft Visual Studio Solution File, Format Version 12.00
# Visual Studio 15
VisualStudioVersion = 15.0.28307.438
MinimumVisualStudioVersion = 10.0.40219.1
Project("{FAE04EC0-301F-11D3-BF4B-00C04F79EFBC}") = "Conceito_While", "Conceito_While\Conceito_While.csproj", "{D09B86A8-8809-4626-9083-4DE5D71D7541}"
EndProject
Global
	GlobalSection(SolutionConfigurationPlatforms) = preSolution
		Debug|Any CPU = Debug|Any CPU
		Release|Any CPU = Release|Any CPU
	EndGlobalSection
	GlobalSection(ProjectConfigurationPlatforms) = postSolution
		{D09B86A8-8809-4626-9083-4DE5D71D7541}.Debug|Any CPU.ActiveCfg = Debug|Any CPU
		{D09B86A8-8809-4626-9083-4DE5D71D7541}.Debug|Any CPU.Build.0 = Debug|Any CPU
		{D09B86A8-8809-4626-9083-4DE5D71D7541}.Release|Any CPU.ActiveCfg = Release|Any CPU
		{D09B86A8-8809-4626-9083-4DE5D71D7541}.Release|Any CPU.Build.0 = Release|Any CPU
	EndGlobalSection
	GlobalSection(SolutionProperties) = preSolution
		HideSolutionNode = FALSE
	EndGlobalSection
	GlobalSection(ExtensibilityGlobals) = postSolution
		SolutionGuid = {E285260F-0202-406A-8B30-B34CE73B1C0A}
	EndGlobalSection
EndGlobal
